{
  "name": "vipr-rh",
  "version": "0.1.0",
  "lockfileVersion": 3,
  "requires": true,
  "packages": {
    "": {
      "name": "vipr-rh",
      "version": "0.1.0",
      "license": "MIT",
      "bin": {
        "vipr": "bin/vipr.mjs"
      },
      "engines": {
        "node": ">=22"
      }
    }
  }
}
